// !$*UTF8*$!
{
	archiveVersion = 1;
	classes = {
	};
	objectVersion = 46;
	objects = {

/* Begin PBXBuildFile section */
		16C70FA01F009A80005E6F21 /* main.m in Sources */ = {isa = PBXBuildFile; fileRef = 16C70F9F1F009A80005E6F21 /* main.m */; };
		16C70FA31F009A80005E6F21 /* AppDelegate.m in Sources */ = {isa = PBXBuildFile; fileRef = 16C70FA21F009A80005E6F21 /* AppDelegate.m */; };
		16C70FA61F009A80005E6F21 /* ViewController.m in Sources */ = {isa = PBXBuildFile; fileRef = 16C70FA51F009A80005E6F21 /* ViewController.m */; };
		16C70FA91F009A80005E6F21 /* Main.storyboard in Resources */ = {isa = PBXBuildFile; fileRef = 16C70FA71F009A80005E6F21 /* Main.storyboard */; };
		16C70FAB1F009A80005E6F21 /* Assets.xcassets in Resources */ = {isa = PBXBuildFile; fileRef = 16C70FAA1F009A80005E6F21 /* Assets.xcassets */; };
		16C70FAE1F009A80005E6F21 /* LaunchScreen.storyboard in Resources */ = {isa = PBXBuildFile; fileRef = 16C70FAC1F009A80005E6F21 /* LaunchScreen.storyboard */; };
		16C70FB91F009A80005E6F21 /* LSTableViewHeaderViewTests.m in Sources */ = {isa = PBXBuildFile; fileRef = 16C70FB81F009A80005E6F21 /* LSTableViewHeaderViewTests.m */; };
		16C70FC41F009A81005E6F21 /* LSTableViewHeaderViewUITests.m in Sources */ = {isa = PBXBuildFile; fileRef = 16C70FC31F009A81005E6F21 /* LSTableViewHeaderViewUITests.m */; };
		16C70FD21F009B97005E6F21 /* b.png in Resources */ = {isa = PBXBuildFile; fileRef = 16C70FD11F009B97005E6F21 /* b.png */; };
/* End PBXBuildFile section */

/* Begin PBXContainerItemProxy section */
		16C70FB51F009A80005E6F21 /* PBXContainerItemProxy */ = {
			isa = PBXContainerItemProxy;
			containerPortal = 16C70F931F009A80005E6F21 /* Project object */;
			proxyType = 1;
			remoteGlobalIDString = 16C70F9A1F009A80005E6F21;
			remoteInfo = LSTableViewHeaderView;
		};
		16C70FC01F009A81005E6F21 /* PBXContainerItemProxy */ = {
			isa = PBXContainerItemProxy;
			containerPortal = 16C70F931F009A80005E6F21 /* Project object */;
			proxyType = 1;
			remoteGlobalIDString = 16C70F9A1F009A80005E6F21;
			remoteInfo = LSTableViewHeaderView;
		};
/* End PBXContainerItemProxy section */

/* Begin PBXFileReference section */
		16C70F9B1F009A80005E6F21 /* LSTableViewHeaderView.app */ = {isa = PBXFileReference; explicitFileType = wrapper.application; includeInIndex = 0; path = LSTableViewHeaderView.app; sourceTree = BUILT_PRODUCTS_DIR; };
		16C70F9F1F009A80005E6F21 /* main.m */ = {isa = PBXFileReference; lastKnownFileType = sourcecode.c.objc; path = main.m; sourceTree = "<group>"; };
		16C70FA11F009A80005E6F21 /* AppDelegate.h */ = {isa = PBXFileReference; lastKnownFileType = sourcecode.c.h; path = AppDelegate.h; sourceTree = "<group>"; };
		16C70FA21F009A80005E6F21 /* AppDelegate.m */ = {isa = PBXFileReference; lastKnownFileType = sourcecode.c.objc; path = AppDelegate.m; sourceTree = "<group>"; };
		16C70FA41F009A80005E6F21 /* ViewController.h */ = {isa = PBXFileReference; lastKnownFileType = sourcecode.c.h; path = ViewController.h; sourceTree = "<group>"; };
		16C70FA51F009A80005E6F21 /* ViewController.m */ = {isa = PBXFileReference; lastKnownFileType = sourcecode.c.objc; path = ViewController.m; sourceTree = "<group>"; };
		16C70FA81F009A80005E6F21 /* Base */ = {isa = PBXFileReference; lastKnownFileType = file.storyboard; name = Base; path = Base.lproj/Main.storyboard; sourceTree = "<group>"; };
		16C70FAA1F009A80005E6F21 /* Assets.xcassets */ = {isa = PBXFileReference; lastKnownFileType = folder.assetcatalog; path = Assets.xcassets; sourceTree = "<group>"; };
		16C70FAD1F009A80005E6F21 /* Base */ = {isa = PBXFileReference; lastKnownFileType = file.storyboard; name = Base; path = Base.lproj/LaunchScreen.storyboard; sourceTree = "<group>"; };
		16C70FAF1F009A80005E6F21 /* Info.plist */ = {isa = PBXFileReference; lastKnownFileType = text.plist.xml; path = Info.plist; sourceTree = "<group>"; };
		16C70FB41F009A80005E6F21 /* LSTableViewHeaderViewTests.xctest */ = {isa = PBXFileReference; explicitFileType = wrapper.cfbundle; includeInIndex = 0; path = LSTableViewHeaderViewTests.xctest; sourceTree = BUILT_PRODUCTS_DIR; };
		16C70FB81F009A80005E6F21 /* LSTableViewHeaderViewTests.m */ = {isa = PBXFileReference; lastKnownFileType = sourcecode.c.objc; path = LSTableViewHeaderViewTests.m; sourceTree = "<group>"; };
		16C70FBA1F009A80005E6F21 /* Info.plist */ = {isa = PBXFileReference; lastKnownFileType = text.plist.xml; path = Info.plist; sourceTree = "<group>"; };
		16C70FBF1F009A81005E6F21 /* LSTableViewHeaderViewUITests.xctest */ = {isa = PBXFileReference; explicitFileType = wrapper.cfbundle; includeInIndex = 0; path = LSTableViewHeaderViewUITests.xctest; sourceTree = BUILT_PRODUCTS_DIR; };
		16C70FC31F009A81005E6F21 /* LSTableViewHeaderViewUITests.m */ = {isa = PBXFileReference; lastKnownFileType = sourcecode.c.objc; path = LSTableViewHeaderViewUITests.m; sourceTree = "<group>"; };
		16C70FC51F009A81005E6F21 /* Info.plist */ = {isa = PBXFileReference; lastKnownFileType = text.plist.xml; path = Info.plist; sourceTree = "<group>"; };
		16C70FD11F009B97005E6F21 /* b.png */ = {isa = PBXFileReference; lastKnownFileType = image.png; path = b.png; sourceTree = "<group>"; };
/* End PBXFileReference section */

/* Begin PBXFrameworksBuildPhase section */
		16C70F981F009A80005E6F21 /* Frameworks */ = {
			isa = PBXFrameworksBuildPhase;
			buildActionMask = 2147483647;
			files = (
			);
			runOnlyForDeploymentPostprocessing = 0;
		};
		16C70FB11F009A80005E6F21 /* Frameworks */ = {
			isa = PBXFrameworksBuildPhase;
			buildActionMask = 2147483647;
			files = (
			);
			runOnlyForDeploymentPostprocessing = 0;
		};
		16C70FBC1F009A81005E6F21 /* Frameworks */ = {
			isa = PBXFrameworksBuildPhase;
			buildActionMask = 2147483647;
			files = (
			);
			runOnlyForDeploymentPostprocessing = 0;
		};
/* End PBXFrameworksBuildPhase section */

/* Begin PBXGroup section */
		16C70F921F009A80005E6F21 = {
			isa = PBXGroup;
			children = (
				16C70F9D1F009A80005E6F21 /* LSTableViewHeaderView */,
				16C70FB71F009A80005E6F21 /* LSTableViewHeaderViewTests */,
				16C70FC21F009A81005E6F21 /* LSTableViewHeaderViewUITests */,
				16C70F9C1F009A80005E6F21 /* Products */,
			);
			sourceTree = "<group>";
		};
		16C70F9C1F009A80005E6F21 /* Products */ = {
			isa = PBXGroup;
			children = (
				16C70F9B1F009A80005E6F21 /* LSTableViewHeaderView.app */,
				16C70FB41F009A80005E6F21 /* LSTableViewHeaderViewTests.xctest */,
				16C70FBF1F009A81005E6F21 /* LSTableViewHeaderViewUITests.xctest */,
			);
			name = Products;
			sourceTree = "<group>";
		};
		16C70F9D1F009A80005E6F21 /* LSTableViewHeaderView */ = {
			isa = PBXGroup;
			children = (
				16C70FD11F009B97005E6F21 /* b.png */,
				16C70FA11F009A80005E6F21 /* AppDelegate.h */,
				16C70FA21F009A80005E6F21 /* AppDelegate.m */,
				16C70FA41F009A80005E6F21 /* ViewController.h */,
				16C70FA51F009A80005E6F21 /* ViewController.m */,
				16C70FA71F009A80005E6F21 /* Main.storyboard */,
				16C70FAA1F009A80005E6F21 /* Assets.xcassets */,
				16C70FAC1F009A80005E6F21 /* LaunchScreen.storyboard */,
				16C70FAF1F009A80005E6F21 /* Info.plist */,
				16C70F9E1F009A80005E6F21 /* Supporting Files */,
			);
			path = LSTableViewHeaderView;
			sourceTree = "<group>";
		};
		16C70F9E1F009A80005E6F21 /* Supporting Files */ = {
			isa = PBXGroup;
			children = (
				16C70F9F1F009A80005E6F21 /* main.m */,
			);
			name = "Supporting Files";
			sourceTree = "<group>";
		};
		16C70FB71F009A80005E6F21 /* LSTableViewHeaderViewTests */ = {
			isa = PBXGroup;
			children = (
				16C70FB81F009A80005E6F21 /* LSTableViewHeaderViewTests.m */,
				16C70FBA1F009A80005E6F21 /* Info.plist */,
			);
			path = LSTableViewHeaderViewTests;
			sourceTree = "<group>";
		};
		16C70FC21F009A81005E6F21 /* LSTableViewHeaderViewUITests */ = {
			isa = PBXGroup;
			children = (
				16C70FC31F009A81005E6F21 /* LSTableViewHeaderViewUITests.m */,
				16C70FC51F009A81005E6F21 /* Info.plist */,
			);
			path = LSTableViewHeaderViewUITests;
			sourceTree = "<group>";
		};
/* End PBXGroup section */

/* Begin PBXNativeTarget section */
		16C70F9A1F009A80005E6F21 /* LSTableViewHeaderView */ = {
			isa = PBXNativeTarget;
			buildConfigurationList = 16C70FC81F009A81005E6F21 /* Build configuration list for PBXNativeTarget "LSTableViewHeaderView" */;
			buildPhases = (
				16C70F971F009A80005E6F21 /* Sources */,
				16C70F981F009A80005E6F21 /* Frameworks */,
				16C70F991F009A80005E6F21 /* Resources */,
			);
			buildRules = (
			);
			dependencies = (
			);
			name = LSTableViewHeaderView;
			productName = LSTableViewHeaderView;
			productReference = 16C70F9B1F009A80005E6F21 /* LSTableViewHeaderView.app */;
			productType = "com.apple.product-type.application";
		};
		16C70FB31F009A80005E6F21 /* LSTableViewHeaderViewTests */ = {
			isa = PBXNativeTarget;
			buildConfigurationList = 16C70FCB1F009A81005E6F21 /* Build configuration list for PBXNativeTarget "LSTableViewHeaderViewTests" */;
			buildPhases = (
				16C70FB01F009A80005E6F21 /* Sources */,
				16C70FB11F009A80005E6F21 /* Frameworks */,
				16C70FB21F009A80005E6F21 /* Resources */,
			);
			buildRules = (
			);
			dependencies = (
				16C70FB61F009A80005E6F21 /* PBXTargetDependency */,
			);
			name = LSTableViewHeaderViewTests;
			productName = LSTableViewHeaderViewTests;
			productReference = 16C70FB41F009A80005E6F21 /* LSTableViewHeaderViewTests.xctest */;
			productType = "com.apple.product-type.bundle.unit-test";
		};
		16C70FBE1F009A81005E6F21 /* LSTableViewHeaderViewUITests */ = {
			isa = PBXNativeTarget;
			buildConfigurationList = 16C70FCE1F009A81005E6F21 /* Build configuration list for PBXNativeTarget "LSTableViewHeaderViewUITests" */;
			buildPhases = (
				16C70FBB1F009A81005E6F21 /* Sources */,
				16C70FBC1F009A81005E6F21 /* Frameworks */,
				16C70FBD1F009A81005E6F21 /* Resources */,
			);
			buildRules = (
			);
			dependencies = (
				16C70FC11F009A81005E6F21 /* PBXTargetDependency */,
			);
			name = LSTableViewHeaderViewUITests;
			productName = LSTableViewHeaderViewUITests;
			productReference = 16C70FBF1F009A81005E6F21 /* LSTableViewHeaderViewUITests.xctest */;
			productType = "com.apple.product-type.bundle.ui-testing";
		};
/* End PBXNativeTarget section */

/* Begin PBXProject section */
		16C70F931F009A80005E6F21 /* Project object */ = {
			isa = PBXProject;
			attributes = {
				LastUpgradeCheck = 0830;
				ORGANIZATIONNAME = lisonglin;
				TargetAttributes = {
					16C70F9A1F009A80005E6F21 = {
						CreatedOnToolsVersion = 8.3.1;
						DevelopmentTeam = D788C862EY;
						ProvisioningStyle = Automatic;
					};
					16C70FB31F009A80005E6F21 = {
						CreatedOnToolsVersion = 8.3.1;
						DevelopmentTeam = D788C862EY;
						ProvisioningStyle = Automatic;
						TestTargetID = 16C70F9A1F009A80005E6F21;
					};
					16C70FBE1F009A81005E6F21 = {
						CreatedOnToolsVersion = 8.3.1;
						DevelopmentTeam = D788C862EY;
						ProvisioningStyle = Automatic;
						TestTargetID = 16C70F9A1F009A80005E6F21;
					};
				};
			};
			buildConfigurationList = 16C70F961F009A80005E6F21 /* Build configuration list for PBXProject "LSTableViewHeaderView" */;
			compatibilityVersion = "Xcode 3.2";
			developmentRegion = English;
			hasScannedForEncodings = 0;
			knownRegions = (
				en,
				Base,
			);
			mainGroup = 16C70F921F009A80005E6F21;
			productRefGroup = 16C70F9C1F009A80005E6F21 /* Products */;
			projectDirPath = "";
			projectRoot = "";
			targets = (
				16C70F9A1F009A80005E6F21 /* LSTableViewHeaderView */,
				16C70FB31F009A80005E6F21 /* LSTableViewHeaderViewTests */,
				16C70FBE1F009A81005E6F21 /* LSTableViewHeaderViewUITests */,
			);
		};
/* End PBXProject section */

/* Begin PBXResourcesBuildPhase section */
		16C70F991F009A80005E6F21 /* Resources */ = {
			isa = PBXResourcesBuildPhase;
			buildActionMask = 2147483647;
			files = (
				16C70FAE1F009A80005E6F21 /* LaunchScreen.storyboard in Resources */,
				16C70FAB1F009A80005E6F21 /* Assets.xcassets in Resources */,
				16C70FD21F009B97005E6F21 /* b.png in Resources */,
				16C70FA91F009A80005E6F21 /* Main.storyboard in Resources */,
			);
			runOnlyForDeploymentPostprocessing = 0;
		};
		16C70FB21F009A80005E6F21 /* Resources */ = {
			isa = PBXResourcesBuildPhase;
			buildActionMask = 2147483647;
			files = (
			);
			runOnlyForDeploymentPostprocessing = 0;
		};
		16C70FBD1F009A81005E6F21 /* Resources */ = {
			isa = PBXResourcesBuildPhase;
			buildActionMask = 2147483647;
			files = (
			);
			runOnlyForDeploymentPostprocessing = 0;
		};
/* End PBXResourcesBuildPhase section */

/* Begin PBXSourcesBuildPhase section */
		16C70F971F009A80005E6F21 /* Sources */ = {
			isa = PBXSourcesBuildPhase;
			buildActionMask = 2147483647;
			files = (
				16C70FA61F009A80005E6F21 /* ViewController.m in Sources */,
				16C70FA31F009A80005E6F21 /* AppDelegate.m in Sources */,
				16C70FA01F009A80005E6F21 /* main.m in Sources */,
			);
			runOnlyForDeploymentPostprocessing = 0;
		};
		16C70FB01F009A80005E6F21 /* Sources */ = {
			isa = PBXSourcesBuildPhase;
			buildActionMask = 2147483647;
			files = (
				16C70FB91F009A80005E6F21 /* LSTableViewHeaderViewTests.m in Sources */,
			);
			runOnlyForDeploymentPostprocessing = 0;
		};
		16C70FBB1F009A81005E6F21 /* Sources */ = {
			isa = PBXSourcesBuildPhase;
			buildActionMask = 2147483647;
			files = (
				16C70FC41F009A81005E6F21 /* LSTableViewHeaderViewUITests.m in Sources */,
			);
			runOnlyForDeploymentPostprocessing = 0;
		};
/* End PBXSourcesBuildPhase section */

/* Begin PBXTargetDependency section */
		16C70FB61F009A80005E6F21 /* PBXTargetDependency */ = {
			isa = PBXTargetDependency;
			target = 16C70F9A1F009A80005E6F21 /* LSTableViewHeaderView */;
			targetProxy = 16C70FB51F009A80005E6F21 /* PBXContainerItemProxy */;
		};
		16C70FC11F009A81005E6F21 /* PBXTargetDependency */ = {
			isa = PBXTargetDependency;
			target = 16C70F9A1F009A80005E6F21 /* LSTableViewHeaderView */;
			targetProxy = 16C70FC01F009A81005E6F21 /* PBXContainerItemProxy */;
		};
/* End PBXTargetDependency section */

/* Begin PBXVariantGroup section */
		16C70FA71F009A80005E6F21 /* Main.storyboard */ = {
			isa = PBXVariantGroup;
			children = (
				16C70FA81F009A80005E6F21 /* Base */,
			);
			name = Main.storyboard;
			sourceTree = "<group>";
		};
		16C70FAC1F009A80005E6F21 /* LaunchScreen.storyboard */ = {
			isa = PBXVariantGroup;
			children = (
				16C70FAD1F009A80005E6F21 /* Base */,
			);
			name = LaunchScreen.storyboard;
			sourceTree = "<group>";
		};
/* End PBXVariantGroup section */

/* Begin XCBuildConfiguration section */
		16C70FC61F009A81005E6F21 /* Debug */ = {
			isa = XCBuildConfiguration;
			buildSettings = {
				ALWAYS_SEARCH_USER_PATHS = NO;
				CLANG_ANALYZER_NONNULL = YES;
				CLANG_ANALYZER_NUMBER_OBJECT_CONVERSION = YES_AGGRESSIVE;
				CLANG_CXX_LANGUAGE_STANDARD = "gnu++0x";
				CLANG_CXX_LIBRARY = "libc++";
				CLANG_ENABLE_MODULES = YES;
				CLANG_ENABLE_OBJC_ARC = YES;
				CLANG_WARN_BOOL_CONVERSION = YES;
				CLANG_WARN_CONSTANT_CONVERSION = YES;
				CLANG_WARN_DIRECT_OBJC_ISA_USAGE = YES_ERROR;
				CLANG_WARN_DOCUMENTATION_COMMENTS = YES;
				CLANG_WARN_EMPTY_BODY = YES;
				CLANG_WARN_ENUM_CONVERSION = YES;
				CLANG_WARN_INFINITE_RECURSION = YES;
				CLANG_WARN_INT_CONVERSION = YES;
				CLANG_WARN_OBJC_ROOT_CLASS = YES_ERROR;
				CLANG_WARN_SUSPICIOUS_MOVE = YES;
				CLANG_WARN_UNREACHABLE_CODE = YES;
				CLANG_WARN__DUPLICATE_METHOD_MATCH = YES;
				"CODE_SIGN_IDENTITY[sdk=iphoneos*]" = "iPhone Developer";
				COPY_PHASE_STRIP = NO;
				DEBUG_INFORMATION_FORMAT = dwarf;
				ENABLE_STRICT_OBJC_MSGSEND = YES;
				ENABLE_TESTABILITY = YES;
				GCC_C_LANGUAGE_STANDARD = gnu99;
				GCC_DYNAMIC_NO_PIC = NO;
				GCC_NO_COMMON_BLOCKS = YES;
				GCC_OPTIMIZATION_LEVEL = 0;
				GCC_PREPROCESSOR_DEFINITIONS = (
					"DEBUG=1",
					"$(inherited)",
				);
				GCC_WARN_64_TO_32_BIT_CONVERSION = YES;
				GCC_WARN_ABOUT_RETURN_TYPE = YES_ERROR;
				GCC_WARN_UNDECLARED_SELECTOR = YES;
				GCC_WARN_UNINITIALIZED_AUTOS = YES_AGGRESSIVE;
				GCC_WARN_UNUSED_FUNCTION = YES;
				GCC_WARN_UNUSED_VARIABLE = YES;
				IPHONEOS_DEPLOYMENT_TARGET = 10.3;
				MTL_ENABLE_DEBUG_INFO = YES;
				ONLY_ACTIVE_ARCH = YES;
				SDKROOT = iphoneos;
				TARGETED_DEVICE_FAMILY = "1,2";
			};
			name = Debug;
		};
		16C70FC71F009A81005E6F21 /* Release */ = {
			isa = XCBuildConfiguration;
			buildSettings = {
				ALWAYS_SEARCH_USER_PATHS = NO;
				CLANG_ANALYZER_NONNULL = YES;
				CLANG_ANALYZER_NUMBER_OBJECT_CONVERSION = YES_AGGRESSIVE;
				CLANG_CXX_LANGUAGE_STANDARD = "gnu++0x";
				CLANG_CXX_LIBRARY = "libc++";
				CLANG_ENABLE_MODULES = YES;
				CLANG_ENABLE_OBJC_ARC = YES;
				CLANG_WARN_BOOL_CONVERSION = YES;
				CLANG_WARN_CONSTANT_CONVERSION = YES;
				CLANG_WARN_DIRECT_OBJC_ISA_USAGE = YES_ERROR;
				CLANG_WARN_DOCUMENTATION_COMMENTS = YES;
				CLANG_WARN_EMPTY_BODY = YES;
				CLANG_WARN_ENUM_CONVERSION = YES;
				CLANG_WARN_INFINITE_RECURSION = YES;
				CLANG_WARN_INT_CONVERSION = YES;
				CLANG_WARN_OBJC_ROOT_CLASS = YES_ERROR;
				CLANG_WARN_SUSPICIOUS_MOVE = YES;
				CLANG_WARN_UNREACHABLE_CODE = YES;
				CLANG_WARN__DUPLICATE_METHOD_MATCH = YES;
				"CODE_SIGN_IDENTITY[sdk=iphoneos*]" = "iPhone Developer";
				COPY_PHASE_STRIP = NO;
				DEBUG_INFORMATION_FORMAT = "dwarf-with-dsym";
				ENABLE_NS_ASSERTIONS = NO;
				ENABLE_STRICT_OBJC_MSGSEND = YES;
				GCC_C_LANGUAGE_STANDARD = gnu99;
				GCC_NO_COMMON_BLOCKS = YES;
				GCC_WARN_64_TO_32_BIT_CONVERSION = YES;
				GCC_WARN_ABOUT_RETURN_TYPE = YES_ERROR;
				GCC_WARN_UNDECLARED_SELECTOR = YES;
				GCC_WARN_UNINITIALIZED_AUTOS = YES_AGGRESSIVE;
				GCC_WARN_UNUSED_FUNCTION = YES;
				GCC_WARN_UNUSED_VARIABLE = YES;
				IPHONEOS_DEPLOYMENT_TARGET = 10.3;
				MTL_ENABLE_DEBUG_INFO = NO;
				SDKROOT = iphoneos;
				TARGETED_DEVICE_FAMILY = "1,2";
				VALIDATE_PRODUCT = YES;
			};
			name = Release;
		};
		16C70FC91F009A81005E6F21 /* Debug */ = {
			isa = XCBuildConfiguration;
			buildSettings = {
				ASSETCATALOG_COMPILER_APPICON_NAME = AppIcon;
				DEVELOPMENT_TEAM = D788C862EY;
				INFOPLIST_FILE = LSTableViewHeaderView/Info.plist;
				LD_RUNPATH_SEARCH_PATHS = "$(inherited) @executable_path/Frameworks";
				PRODUCT_BUNDLE_IDENTIFIER = "K.C-Home.LSTableViewHeaderView";
				PRODUCT_NAME = "$(TARGET_NAME)";
			};
			name = Debug;
		};
		16C70FCA1F009A81005E6F21 /* Release */ = {
			isa = XCBuildConfiguration;
			buildSettings = {
				ASSETCATALOG_COMPILER_APPICON_NAME = AppIcon;
				DEVELOPMENT_TEAM = D788C862EY;
				INFOPLIST_FILE = LSTableViewHeaderView/Info.plist;
				LD_RUNPATH_SEARCH_PATHS = "$(inherited) @executable_path/Frameworks";
				PRODUCT_BUNDLE_IDENTIFIER = "K.C-Home.LSTableViewHeaderView";
				PRODUCT_NAME = "$(TARGET_NAME)";
			};
			name = Release;
		};
		16C70FCC1F009A81005E6F21 /* Debug */ = {
			isa = XCBuildConfiguration;
			buildSettings = {
				BUNDLE_LOADER = "$(TEST_HOST)";
				DEVELOPMENT_TEAM = D788C862EY;
				INFOPLIST_FILE = LSTableViewHeaderViewTests/Info.plist;
				LD_RUNPATH_SEARCH_PATHS = "$(inherited) @executable_path/Frameworks @loader_path/Frameworks";
				PRODUCT_BUNDLE_IDENTIFIER = "K.C-Home.LSTableViewHeaderViewTests";
				PRODUCT_NAME = "$(TARGET_NAME)";
				TEST_HOST = "$(BUILT_PRODUCTS_DIR)/LSTableViewHeaderView.app/LSTableViewHeaderView";
			};
			name = Debug;
		};
		16C70FCD1F009A81005E6F21 /* Release */ = {
			isa = XCBuildConfiguration;
			buildSettings = {
				BUNDLE_LOADER = "$(TEST_HOST)";
				DEVELOPMENT_TEAM = D788C862EY;
				INFOPLIST_FILE = LSTableViewHeaderViewTests/Info.plist;
				LD_RUNPATH_SEARCH_PATHS = "$(inherited) @executable_path/Frameworks @loader_path/Frameworks";
				PRODUCT_BUNDLE_IDENTIFIER = "K.C-Home.LSTableViewHeaderViewTests";
				PRODUCT_NAME = "$(TARGET_NAME)";
				TEST_HOST = "$(BUILT_PRODUCTS_DIR)/LSTableViewHeaderView.app/LSTableViewHeaderView";
			};
			name = Release;
		};
		16C70FCF1F009A81005E6F21 /* Debug */ = {
			isa = XCBuildConfiguration;
			buildSettings = {
				DEVELOPMENT_TEAM = D788C862EY;
				INFOPLIST_FILE = LSTableViewHeaderViewUITests/Info.plist;
				LD_RUNPATH_SEARCH_PATHS = "$(inherited) @executable_path/Frameworks @loader_path/Frameworks";
				PRODUCT_BUNDLE_IDENTIFIER = "K.C-Home.LSTableViewHeaderViewUITests";
				PRODUCT_NAME = "$(TARGET_NAME)";
				TEST_TARGET_NAME = LSTableViewHeaderView;
			};
			name = Debug;
		};
		16C70FD01F009A81005E6F21 /* Release */ = {
			isa = XCBuildConfiguration;
			buildSettings = {
				DEVELOPMENT_TEAM = D788C862EY;
				INFOPLIST_FILE = LSTableViewHeaderViewUITests/Info.plist;
				LD_RUNPATH_SEARCH_PATHS = "$(inherited) @executable_path/Frameworks @loader_path/Frameworks";
				PRODUCT_BUNDLE_IDENTIFIER = "K.C-Home.LSTableViewHeaderViewUITests";
				PRODUCT_NAME = "$(TARGET_NAME)";
				TEST_TARGET_NAME = LSTableViewHeaderView;
			};
			name = Release;
		};
/* End XCBuildConfiguration section */

/* Begin XCConfigurationList section */
		16C70F961F009A80005E6F21 /* Build configuration list for PBXProject "LSTableViewHeaderView" */ = {
			isa = XCConfigurationList;
			buildConfigurations = (
				16C70FC61F009A81005E6F21 /* Debug */,
				16C70FC71F009A81005E6F21 /* Release */,
			);
			defaultConfigurationIsVisible = 0;
			defaultConfigurationName = Release;
		};
		16C70FC81F009A81005E6F21 /* Build configuration list for PBXNativeTarget "LSTableViewHeaderView" */ = {
			isa = XCConfigurationList;
			buildConfigurations = (
				16C70FC91F009A81005E6F21 /* Debug */,
				16C70FCA1F009A81005E6F21 /* Release */,
			);
			defaultConfigurationIsVisible = 0;
			defaultConfigurationName = Release;
		};
		16C70FCB1F009A81005E6F21 /* Build configuration list for PBXNativeTarget "LSTableViewHeaderViewTests" */ = {
			isa = XCConfigurationList;
			buildConfigurations = (
				16C70FCC1F009A81005E6F21 /* Debug */,
				16C70FCD1F009A81005E6F21 /* Release */,
			);
			defaultConfigurationIsVisible = 0;
			defaultConfigurationName = Release;
		};
		16C70FCE1F009A81005E6F21 /* Build configuration list for PBXNativeTarget "LSTableViewHeaderViewUITests" */ = {
			isa = XCConfigurationList;
			buildConfigurations = (
				16C70FCF1F009A81005E6F21 /* Debug */,
				16C70FD01F009A81005E6F21 /* Release */,
			);
			defaultConfigurationIsVisible = 0;
			defaultConfigurationName = Release;
		};
/* End XCConfigurationList section */
	};
	rootObject = 16C70F931F009A80005E6F21 /* Project object */;
}
